
Microsoft Visual Studio Solution File, Format Version 12.00
# Visual Studio Version 17
VisualStudioVersion = 17.14.36518.9 d17.14
MinimumVisualStudioVersion = 10.0.40219.1
Project("{FAE04EC0-301F-11D3-BF4B-00C04F79EFBC}") = "trendaura", "trendaura.csproj", "{9CBC954A-46A4-5BF9-2CA0-17D521E26477}"
EndProject
Global
	GlobalSection(SolutionConfigurationPlatforms) = preSolution
		Debug|Any CPU = Debug|Any CPU
		Release|Any CPU = Release|Any CPU
	EndGlobalSection
	GlobalSection(ProjectConfigurationPlatforms) = postSolution
		{9CBC954A-46A4-5BF9-2CA0-17D521E26477}.Debug|Any CPU.ActiveCfg = Debug|Any CPU
		{9CBC954A-46A4-5BF9-2CA0-17D521E26477}.Debug|Any CPU.Build.0 = Debug|Any CPU
		{9CBC954A-46A4-5BF9-2CA0-17D521E26477}.Release|Any CPU.ActiveCfg = Release|Any CPU
		{9CBC954A-46A4-5BF9-2CA0-17D521E26477}.Release|Any CPU.Build.0 = Release|Any CPU
	EndGlobalSection
	GlobalSection(SolutionProperties) = preSolution
		HideSolutionNode = FALSE
	EndGlobalSection
	GlobalSection(ExtensibilityGlobals) = postSolution
		SolutionGuid = {817D765E-D0C5-4883-8F3F-14765C1E43C9}
	EndGlobalSection
EndGlobal
